
Microsoft Visual Studio Solution File, Format Version 12.00
# Visual Studio Version 17
VisualStudioVersion = 17.9.34723.18
MinimumVisualStudioVersion = 10.0.40219.1
Project("{8BC9CEB8-8B4A-11D0-8D11-00A0C91BC942}") = "RangeConcepts", "RangeConcepts\RangeConcepts.vcxproj", "{F290573E-F575-462D-B2B7-2391F8A02F2F}"
EndProject
Global
	GlobalSection(SolutionConfigurationPlatforms) = preSolution
		Debug|x64 = Debug|x64
		Debug|x86 = Debug|x86
		Release|x64 = Release|x64
		Release|x86 = Release|x86
	EndGlobalSection
	GlobalSection(ProjectConfigurationPlatforms) = postSolution
		{F290573E-F575-462D-B2B7-2391F8A02F2F}.Debug|x64.ActiveCfg = Debug|x64
		{F290573E-F575-462D-B2B7-2391F8A02F2F}.Debug|x64.Build.0 = Debug|x64
		{F290573E-F575-462D-B2B7-2391F8A02F2F}.Debug|x86.ActiveCfg = Debug|Win32
		{F290573E-F575-462D-B2B7-2391F8A02F2F}.Debug|x86.Build.0 = Debug|Win32
		{F290573E-F575-462D-B2B7-2391F8A02F2F}.Release|x64.ActiveCfg = Release|x64
		{F290573E-F575-462D-B2B7-2391F8A02F2F}.Release|x64.Build.0 = Release|x64
		{F290573E-F575-462D-B2B7-2391F8A02F2F}.Release|x86.ActiveCfg = Release|Win32
		{F290573E-F575-462D-B2B7-2391F8A02F2F}.Release|x86.Build.0 = Release|Win32
	EndGlobalSection
	GlobalSection(SolutionProperties) = preSolution
		HideSolutionNode = FALSE
	EndGlobalSection
	GlobalSection(ExtensibilityGlobals) = postSolution
		SolutionGuid = {37DEAD5E-FD0A-4F24-A320-AB1EB25807FD}
	EndGlobalSection
EndGlobal
