
Microsoft Visual Studio Solution File, Format Version 12.00
# Visual Studio Version 16
VisualStudioVersion = 16.0.31205.134
MinimumVisualStudioVersion = 10.0.40219.1
Project("{8BC9CEB8-8B4A-11D0-8D11-00A0C91BC942}") = "Concepts", "Concepts\Concepts.vcxproj", "{E688CE74-2362-406F-B652-D46995B9F93E}"
EndProject
Global
	GlobalSection(SolutionConfigurationPlatforms) = preSolution
		Debug|x64 = Debug|x64
		Debug|x86 = Debug|x86
		Release|x64 = Release|x64
		Release|x86 = Release|x86
	EndGlobalSection
	GlobalSection(ProjectConfigurationPlatforms) = postSolution
		{E688CE74-2362-406F-B652-D46995B9F93E}.Debug|x64.ActiveCfg = Debug|x64
		{E688CE74-2362-406F-B652-D46995B9F93E}.Debug|x64.Build.0 = Debug|x64
		{E688CE74-2362-406F-B652-D46995B9F93E}.Debug|x86.ActiveCfg = Debug|Win32
		{E688CE74-2362-406F-B652-D46995B9F93E}.Debug|x86.Build.0 = Debug|Win32
		{E688CE74-2362-406F-B652-D46995B9F93E}.Release|x64.ActiveCfg = Release|x64
		{E688CE74-2362-406F-B652-D46995B9F93E}.Release|x64.Build.0 = Release|x64
		{E688CE74-2362-406F-B652-D46995B9F93E}.Release|x86.ActiveCfg = Release|Win32
		{E688CE74-2362-406F-B652-D46995B9F93E}.Release|x86.Build.0 = Release|Win32
	EndGlobalSection
	GlobalSection(SolutionProperties) = preSolution
		HideSolutionNode = FALSE
	EndGlobalSection
	GlobalSection(ExtensibilityGlobals) = postSolution
		SolutionGuid = {DCAD4C4D-5380-4DCE-A598-E112164AAD26}
	EndGlobalSection
EndGlobal
